
Microsoft Visual Studio Solution File, Format Version 12.00
# Visual Studio Version 17
VisualStudioVersion = 17.0.31903.59
MinimumVisualStudioVersion = 10.0.40219.1
Project("{2150E333-8FDC-42A3-9474-1A3956D46DE8}") = "src", "src", "{76404325-7D3D-42A4-9F87-9E0F90897D3B}"
EndProject
Project("{2150E333-8FDC-42A3-9474-1A3956D46DE8}") = "Infrastructure", "Infrastructure", "{DF232C74-F561-47B6-BD20-2DA140DC4AF8}"
EndProject
Project("{FAE04EC0-301F-11D3-BF4B-00C04F79EFBC}") = "MyWedding.Infrastructure", "src\Infrastructure\MyWedding.Infrastructure\MyWedding.Infrastructure.csproj", "{54B55EDD-7676-420A-9E5F-E23A00BD7B67}"
EndProject
Project("{2150E333-8FDC-42A3-9474-1A3956D46DE8}") = "Presentation", "Presentation", "{99011538-43E4-4650-9F52-BB889C6A7997}"
EndProject
Project("{FAE04EC0-301F-11D3-BF4B-00C04F79EFBC}") = "MyWedding.API", "src\Presentation\MyWedding.API\MyWedding.API.csproj", "{8128B64F-CF76-46CE-B9BE-82BAB7E6B995}"
EndProject
Project("{2150E333-8FDC-42A3-9474-1A3956D46DE8}") = "Shared", "Shared", "{5434B68C-550E-59D8-E329-3A8E757B58EE}"
EndProject
Project("{FAE04EC0-301F-11D3-BF4B-00C04F79EFBC}") = "MyWedding.SharedKernel", "src\Shared\MyWedding.SharedKernel\MyWedding.SharedKernel.csproj", "{686078CC-8739-4D1C-9978-B9B6999AD6BE}"
EndProject
Project("{2150E333-8FDC-42A3-9474-1A3956D46DE8}") = "Modules", "Modules", "{C60EDEDD-316D-B05B-EC9C-3F5B50E0DA68}"
EndProject
Project("{2150E333-8FDC-42A3-9474-1A3956D46DE8}") = "Identity", "Identity", "{40C81D18-ED6F-092D-7ABF-59C0E2A46067}"
EndProject
Project("{FAE04EC0-301F-11D3-BF4B-00C04F79EFBC}") = "MyWedding.Identity.Application", "src\Modules\Identity\MyWedding.Identity.Application\MyWedding.Identity.Application.csproj", "{0040611C-1E8C-45B2-94F9-3B24A490899D}"
EndProject
Project("{FAE04EC0-301F-11D3-BF4B-00C04F79EFBC}") = "MyWedding.Identity.Infrastructure", "src\Modules\Identity\MyWedding.Identity.Infrastructure\MyWedding.Identity.Infrastructure.csproj", "{25505A9A-42DF-4154-A22B-46556A1E9B8A}"
EndProject
Project("{2150E333-8FDC-42A3-9474-1A3956D46DE8}") = "Events", "Events", "{9E7FF0FC-6255-9EB7-3216-7D87E4F8A3DF}"
EndProject
Project("{FAE04EC0-301F-11D3-BF4B-00C04F79EFBC}") = "MyWedding.Events.Application", "src\Modules\Events\MyWedding.Events.Application\MyWedding.Events.Application.csproj", "{58B9E41E-50E1-4A0F-BDAD-A17C1C7AF2C2}"
EndProject
Project("{FAE04EC0-301F-11D3-BF4B-00C04F79EFBC}") = "MyWedding.Events.Infrastructure", "src\Modules\Events\MyWedding.Events.Infrastructure\MyWedding.Events.Infrastructure.csproj", "{D836094F-5C35-4BBC-AE03-9B79EEA6705D}"
EndProject
Project("{2150E333-8FDC-42A3-9474-1A3956D46DE8}") = "Tasks", "Tasks", "{E0D76EB2-711A-C054-025A-46F5586CFF3E}"
EndProject
Project("{FAE04EC0-301F-11D3-BF4B-00C04F79EFBC}") = "MyWedding.Tasks.Application", "src\Modules\Tasks\MyWedding.Tasks.Application\MyWedding.Tasks.Application.csproj", "{BE1B4CE3-7007-43E5-AEC2-0BF2E7E12B1C}"
EndProject
Project("{FAE04EC0-301F-11D3-BF4B-00C04F79EFBC}") = "MyWedding.Tasks.Infrastructure", "src\Modules\Tasks\MyWedding.Tasks.Infrastructure\MyWedding.Tasks.Infrastructure.csproj", "{C6872FCE-55A4-4F0E-9684-6BA875569715}"
EndProject
Project("{2150E333-8FDC-42A3-9474-1A3956D46DE8}") = "Budget", "Budget", "{A65EDF41-881A-49DB-C405-89A3CECBD60F}"
EndProject
Project("{FAE04EC0-301F-11D3-BF4B-00C04F79EFBC}") = "MyWedding.Budget.Application", "src\Modules\Budget\MyWedding.Budget.Application\MyWedding.Budget.Application.csproj", "{3836E7DB-8839-4A99-B09E-465402F4EF96}"
EndProject
Project("{FAE04EC0-301F-11D3-BF4B-00C04F79EFBC}") = "MyWedding.Budget.Infrastructure", "src\Modules\Budget\MyWedding.Budget.Infrastructure\MyWedding.Budget.Infrastructure.csproj", "{3960796C-4AE0-4CB1-895C-00066E0A615D}"
EndProject
Project("{2150E333-8FDC-42A3-9474-1A3956D46DE8}") = "Vendors", "Vendors", "{D4AB8B70-CAD0-9B0D-1478-14FC8ED66B87}"
EndProject
Project("{FAE04EC0-301F-11D3-BF4B-00C04F79EFBC}") = "MyWedding.Vendors.Application", "src\Modules\Vendors\MyWedding.Vendors.Application\MyWedding.Vendors.Application.csproj", "{C6F7CB92-52C5-4435-BC20-72EF780269D6}"
EndProject
Project("{FAE04EC0-301F-11D3-BF4B-00C04F79EFBC}") = "MyWedding.Vendors.Infrastructure", "src\Modules\Vendors\MyWedding.Vendors.Infrastructure\MyWedding.Vendors.Infrastructure.csproj", "{F36BA8EB-4D50-45BC-A5D9-E807EAA0D4BB}"
EndProject
Project("{2150E333-8FDC-42A3-9474-1A3956D46DE8}") = "Collaboration", "Collaboration", "{A5C0DF85-C1E1-9B9A-0AAF-A64D8132EE9D}"
EndProject
Project("{FAE04EC0-301F-11D3-BF4B-00C04F79EFBC}") = "MyWedding.Collaboration.Application", "src\Modules\Collaboration\MyWedding.Collaboration.Application\MyWedding.Collaboration.Application.csproj", "{FE7B53F6-4CC5-4134-8FDC-E824E81AC42B}"
EndProject
Project("{FAE04EC0-301F-11D3-BF4B-00C04F79EFBC}") = "MyWedding.Collaboration.Infrastructure", "src\Modules\Collaboration\MyWedding.Collaboration.Infrastructure\MyWedding.Collaboration.Infrastructure.csproj", "{A057EBD2-D45F-4FA9-8C77-D9269ABE4D4D}"
EndProject
Project("{2150E333-8FDC-42A3-9474-1A3956D46DE8}") = "Core", "Core", "{301FAC3C-0F00-1837-5FA4-DBDA17379ABC}"
EndProject
Project("{FAE04EC0-301F-11D3-BF4B-00C04F79EFBC}") = "MyWedding.Domain", "src\Core\MyWedding.Domain\MyWedding.Domain.csproj", "{DAB1BE61-D8B4-48A7-90EF-9327E36E61C9}"
EndProject
Global
	GlobalSection(SolutionConfigurationPlatforms) = preSolution
		Debug|Any CPU = Debug|Any CPU
		Debug|x64 = Debug|x64
		Debug|x86 = Debug|x86
		Release|Any CPU = Release|Any CPU
		Release|x64 = Release|x64
		Release|x86 = Release|x86
	EndGlobalSection
	GlobalSection(ProjectConfigurationPlatforms) = postSolution
		{54B55EDD-7676-420A-9E5F-E23A00BD7B67}.Debug|Any CPU.ActiveCfg = Debug|Any CPU
		{54B55EDD-7676-420A-9E5F-E23A00BD7B67}.Debug|Any CPU.Build.0 = Debug|Any CPU
		{54B55EDD-7676-420A-9E5F-E23A00BD7B67}.Debug|x64.ActiveCfg = Debug|Any CPU
		{54B55EDD-7676-420A-9E5F-E23A00BD7B67}.Debug|x64.Build.0 = Debug|Any CPU
		{54B55EDD-7676-420A-9E5F-E23A00BD7B67}.Debug|x86.ActiveCfg = Debug|Any CPU
		{54B55EDD-7676-420A-9E5F-E23A00BD7B67}.Debug|x86.Build.0 = Debug|Any CPU
		{54B55EDD-7676-420A-9E5F-E23A00BD7B67}.Release|Any CPU.ActiveCfg = Release|Any CPU
		{54B55EDD-7676-420A-9E5F-E23A00BD7B67}.Release|Any CPU.Build.0 = Release|Any CPU
		{54B55EDD-7676-420A-9E5F-E23A00BD7B67}.Release|x64.ActiveCfg = Release|Any CPU
		{54B55EDD-7676-420A-9E5F-E23A00BD7B67}.Release|x64.Build.0 = Release|Any CPU
		{54B55EDD-7676-420A-9E5F-E23A00BD7B67}.Release|x86.ActiveCfg = Release|Any CPU
		{54B55EDD-7676-420A-9E5F-E23A00BD7B67}.Release|x86.Build.0 = Release|Any CPU
		{8128B64F-CF76-46CE-B9BE-82BAB7E6B995}.Debug|Any CPU.ActiveCfg = Debug|Any CPU
		{8128B64F-CF76-46CE-B9BE-82BAB7E6B995}.Debug|Any CPU.Build.0 = Debug|Any CPU
		{8128B64F-CF76-46CE-B9BE-82BAB7E6B995}.Debug|x64.ActiveCfg = Debug|Any CPU
		{8128B64F-CF76-46CE-B9BE-82BAB7E6B995}.Debug|x64.Build.0 = Debug|Any CPU
		{8128B64F-CF76-46CE-B9BE-82BAB7E6B995}.Debug|x86.ActiveCfg = Debug|Any CPU
		{8128B64F-CF76-46CE-B9BE-82BAB7E6B995}.Debug|x86.Build.0 = Debug|Any CPU
		{8128B64F-CF76-46CE-B9BE-82BAB7E6B995}.Release|Any CPU.ActiveCfg = Release|Any CPU
		{8128B64F-CF76-46CE-B9BE-82BAB7E6B995}.Release|Any CPU.Build.0 = Release|Any CPU
		{8128B64F-CF76-46CE-B9BE-82BAB7E6B995}.Release|x64.ActiveCfg = Release|Any CPU
		{8128B64F-CF76-46CE-B9BE-82BAB7E6B995}.Release|x64.Build.0 = Release|Any CPU
		{8128B64F-CF76-46CE-B9BE-82BAB7E6B995}.Release|x86.ActiveCfg = Release|Any CPU
		{8128B64F-CF76-46CE-B9BE-82BAB7E6B995}.Release|x86.Build.0 = Release|Any CPU
		{686078CC-8739-4D1C-9978-B9B6999AD6BE}.Debug|Any CPU.ActiveCfg = Debug|Any CPU
		{686078CC-8739-4D1C-9978-B9B6999AD6BE}.Debug|Any CPU.Build.0 = Debug|Any CPU
		{686078CC-8739-4D1C-9978-B9B6999AD6BE}.Debug|x64.ActiveCfg = Debug|Any CPU
		{686078CC-8739-4D1C-9978-B9B6999AD6BE}.Debug|x64.Build.0 = Debug|Any CPU
		{686078CC-8739-4D1C-9978-B9B6999AD6BE}.Debug|x86.ActiveCfg = Debug|Any CPU
		{686078CC-8739-4D1C-9978-B9B6999AD6BE}.Debug|x86.Build.0 = Debug|Any CPU
		{686078CC-8739-4D1C-9978-B9B6999AD6BE}.Release|Any CPU.ActiveCfg = Release|Any CPU
		{686078CC-8739-4D1C-9978-B9B6999AD6BE}.Release|Any CPU.Build.0 = Release|Any CPU
		{686078CC-8739-4D1C-9978-B9B6999AD6BE}.Release|x64.ActiveCfg = Release|Any CPU
		{686078CC-8739-4D1C-9978-B9B6999AD6BE}.Release|x64.Build.0 = Release|Any CPU
		{686078CC-8739-4D1C-9978-B9B6999AD6BE}.Release|x86.ActiveCfg = Release|Any CPU
		{686078CC-8739-4D1C-9978-B9B6999AD6BE}.Release|x86.Build.0 = Release|Any CPU
		{0040611C-1E8C-45B2-94F9-3B24A490899D}.Debug|Any CPU.ActiveCfg = Debug|Any CPU
		{0040611C-1E8C-45B2-94F9-3B24A490899D}.Debug|Any CPU.Build.0 = Debug|Any CPU
		{0040611C-1E8C-45B2-94F9-3B24A490899D}.Debug|x64.ActiveCfg = Debug|Any CPU
		{0040611C-1E8C-45B2-94F9-3B24A490899D}.Debug|x64.Build.0 = Debug|Any CPU
		{0040611C-1E8C-45B2-94F9-3B24A490899D}.Debug|x86.ActiveCfg = Debug|Any CPU
		{0040611C-1E8C-45B2-94F9-3B24A490899D}.Debug|x86.Build.0 = Debug|Any CPU
		{0040611C-1E8C-45B2-94F9-3B24A490899D}.Release|Any CPU.ActiveCfg = Release|Any CPU
		{0040611C-1E8C-45B2-94F9-3B24A490899D}.Release|Any CPU.Build.0 = Release|Any CPU
		{0040611C-1E8C-45B2-94F9-3B24A490899D}.Release|x64.ActiveCfg = Release|Any CPU
		{0040611C-1E8C-45B2-94F9-3B24A490899D}.Release|x64.Build.0 = Release|Any CPU
		{0040611C-1E8C-45B2-94F9-3B24A490899D}.Release|x86.ActiveCfg = Release|Any CPU
		{0040611C-1E8C-45B2-94F9-3B24A490899D}.Release|x86.Build.0 = Release|Any CPU
		{25505A9A-42DF-4154-A22B-46556A1E9B8A}.Debug|Any CPU.ActiveCfg = Debug|Any CPU
		{25505A9A-42DF-4154-A22B-46556A1E9B8A}.Debug|Any CPU.Build.0 = Debug|Any CPU
		{25505A9A-42DF-4154-A22B-46556A1E9B8A}.Debug|x64.ActiveCfg = Debug|Any CPU
		{25505A9A-42DF-4154-A22B-46556A1E9B8A}.Debug|x64.Build.0 = Debug|Any CPU
		{25505A9A-42DF-4154-A22B-46556A1E9B8A}.Debug|x86.ActiveCfg = Debug|Any CPU
		{25505A9A-42DF-4154-A22B-46556A1E9B8A}.Debug|x86.Build.0 = Debug|Any CPU
		{25505A9A-42DF-4154-A22B-46556A1E9B8A}.Release|Any CPU.ActiveCfg = Release|Any CPU
		{25505A9A-42DF-4154-A22B-46556A1E9B8A}.Release|Any CPU.Build.0 = Release|Any CPU
		{25505A9A-42DF-4154-A22B-46556A1E9B8A}.Release|x64.ActiveCfg = Release|Any CPU
		{25505A9A-42DF-4154-A22B-46556A1E9B8A}.Release|x64.Build.0 = Release|Any CPU
		{25505A9A-42DF-4154-A22B-46556A1E9B8A}.Release|x86.ActiveCfg = Release|Any CPU
		{25505A9A-42DF-4154-A22B-46556A1E9B8A}.Release|x86.Build.0 = Release|Any CPU
		{58B9E41E-50E1-4A0F-BDAD-A17C1C7AF2C2}.Debug|Any CPU.ActiveCfg = Debug|Any CPU
		{58B9E41E-50E1-4A0F-BDAD-A17C1C7AF2C2}.Debug|Any CPU.Build.0 = Debug|Any CPU
		{58B9E41E-50E1-4A0F-BDAD-A17C1C7AF2C2}.Debug|x64.ActiveCfg = Debug|Any CPU
		{58B9E41E-50E1-4A0F-BDAD-A17C1C7AF2C2}.Debug|x64.Build.0 = Debug|Any CPU
		{58B9E41E-50E1-4A0F-BDAD-A17C1C7AF2C2}.Debug|x86.ActiveCfg = Debug|Any CPU
		{58B9E41E-50E1-4A0F-BDAD-A17C1C7AF2C2}.Debug|x86.Build.0 = Debug|Any CPU
		{58B9E41E-50E1-4A0F-BDAD-A17C1C7AF2C2}.Release|Any CPU.ActiveCfg = Release|Any CPU
		{58B9E41E-50E1-4A0F-BDAD-A17C1C7AF2C2}.Release|Any CPU.Build.0 = Release|Any CPU
		{58B9E41E-50E1-4A0F-BDAD-A17C1C7AF2C2}.Release|x64.ActiveCfg = Release|Any CPU
		{58B9E41E-50E1-4A0F-BDAD-A17C1C7AF2C2}.Release|x64.Build.0 = Release|Any CPU
		{58B9E41E-50E1-4A0F-BDAD-A17C1C7AF2C2}.Release|x86.ActiveCfg = Release|Any CPU
		{58B9E41E-50E1-4A0F-BDAD-A17C1C7AF2C2}.Release|x86.Build.0 = Release|Any CPU
		{D836094F-5C35-4BBC-AE03-9B79EEA6705D}.Debug|Any CPU.ActiveCfg = Debug|Any CPU
		{D836094F-5C35-4BBC-AE03-9B79EEA6705D}.Debug|Any CPU.Build.0 = Debug|Any CPU
		{D836094F-5C35-4BBC-AE03-9B79EEA6705D}.Debug|x64.ActiveCfg = Debug|Any CPU
		{D836094F-5C35-4BBC-AE03-9B79EEA6705D}.Debug|x64.Build.0 = Debug|Any CPU
		{D836094F-5C35-4BBC-AE03-9B79EEA6705D}.Debug|x86.ActiveCfg = Debug|Any CPU
		{D836094F-5C35-4BBC-AE03-9B79EEA6705D}.Debug|x86.Build.0 = Debug|Any CPU
		{D836094F-5C35-4BBC-AE03-9B79EEA6705D}.Release|Any CPU.ActiveCfg = Release|Any CPU
		{D836094F-5C35-4BBC-AE03-9B79EEA6705D}.Release|Any CPU.Build.0 = Release|Any CPU
		{D836094F-5C35-4BBC-AE03-9B79EEA6705D}.Release|x64.ActiveCfg = Release|Any CPU
		{D836094F-5C35-4BBC-AE03-9B79EEA6705D}.Release|x64.Build.0 = Release|Any CPU
		{D836094F-5C35-4BBC-AE03-9B79EEA6705D}.Release|x86.ActiveCfg = Release|Any CPU
		{D836094F-5C35-4BBC-AE03-9B79EEA6705D}.Release|x86.Build.0 = Release|Any CPU
		{BE1B4CE3-7007-43E5-AEC2-0BF2E7E12B1C}.Debug|Any CPU.ActiveCfg = Debug|Any CPU
		{BE1B4CE3-7007-43E5-AEC2-0BF2E7E12B1C}.Debug|Any CPU.Build.0 = Debug|Any CPU
		{BE1B4CE3-7007-43E5-AEC2-0BF2E7E12B1C}.Debug|x64.ActiveCfg = Debug|Any CPU
		{BE1B4CE3-7007-43E5-AEC2-0BF2E7E12B1C}.Debug|x64.Build.0 = Debug|Any CPU
		{BE1B4CE3-7007-43E5-AEC2-0BF2E7E12B1C}.Debug|x86.ActiveCfg = Debug|Any CPU
		{BE1B4CE3-7007-43E5-AEC2-0BF2E7E12B1C}.Debug|x86.Build.0 = Debug|Any CPU
		{BE1B4CE3-7007-43E5-AEC2-0BF2E7E12B1C}.Release|Any CPU.ActiveCfg = Release|Any CPU
		{BE1B4CE3-7007-43E5-AEC2-0BF2E7E12B1C}.Release|Any CPU.Build.0 = Release|Any CPU
		{BE1B4CE3-7007-43E5-AEC2-0BF2E7E12B1C}.Release|x64.ActiveCfg = Release|Any CPU
		{BE1B4CE3-7007-43E5-AEC2-0BF2E7E12B1C}.Release|x64.Build.0 = Release|Any CPU
		{BE1B4CE3-7007-43E5-AEC2-0BF2E7E12B1C}.Release|x86.ActiveCfg = Release|Any CPU
		{BE1B4CE3-7007-43E5-AEC2-0BF2E7E12B1C}.Release|x86.Build.0 = Release|Any CPU
		{C6872FCE-55A4-4F0E-9684-6BA875569715}.Debug|Any CPU.ActiveCfg = Debug|Any CPU
		{C6872FCE-55A4-4F0E-9684-6BA875569715}.Debug|Any CPU.Build.0 = Debug|Any CPU
		{C6872FCE-55A4-4F0E-9684-6BA875569715}.Debug|x64.ActiveCfg = Debug|Any CPU
		{C6872FCE-55A4-4F0E-9684-6BA875569715}.Debug|x64.Build.0 = Debug|Any CPU
		{C6872FCE-55A4-4F0E-9684-6BA875569715}.Debug|x86.ActiveCfg = Debug|Any CPU
		{C6872FCE-55A4-4F0E-9684-6BA875569715}.Debug|x86.Build.0 = Debug|Any CPU
		{C6872FCE-55A4-4F0E-9684-6BA875569715}.Release|Any CPU.ActiveCfg = Release|Any CPU
		{C6872FCE-55A4-4F0E-9684-6BA875569715}.Release|Any CPU.Build.0 = Release|Any CPU
		{C6872FCE-55A4-4F0E-9684-6BA875569715}.Release|x64.ActiveCfg = Release|Any CPU
		{C6872FCE-55A4-4F0E-9684-6BA875569715}.Release|x64.Build.0 = Release|Any CPU
		{C6872FCE-55A4-4F0E-9684-6BA875569715}.Release|x86.ActiveCfg = Release|Any CPU
		{C6872FCE-55A4-4F0E-9684-6BA875569715}.Release|x86.Build.0 = Release|Any CPU
		{3836E7DB-8839-4A99-B09E-465402F4EF96}.Debug|Any CPU.ActiveCfg = Debug|Any CPU
		{3836E7DB-8839-4A99-B09E-465402F4EF96}.Debug|Any CPU.Build.0 = Debug|Any CPU
		{3836E7DB-8839-4A99-B09E-465402F4EF96}.Debug|x64.ActiveCfg = Debug|Any CPU
		{3836E7DB-8839-4A99-B09E-465402F4EF96}.Debug|x64.Build.0 = Debug|Any CPU
		{3836E7DB-8839-4A99-B09E-465402F4EF96}.Debug|x86.ActiveCfg = Debug|Any CPU
		{3836E7DB-8839-4A99-B09E-465402F4EF96}.Debug|x86.Build.0 = Debug|Any CPU
		{3836E7DB-8839-4A99-B09E-465402F4EF96}.Release|Any CPU.ActiveCfg = Release|Any CPU
		{3836E7DB-8839-4A99-B09E-465402F4EF96}.Release|Any CPU.Build.0 = Release|Any CPU
		{3836E7DB-8839-4A99-B09E-465402F4EF96}.Release|x64.ActiveCfg = Release|Any CPU
		{3836E7DB-8839-4A99-B09E-465402F4EF96}.Release|x64.Build.0 = Release|Any CPU
		{3836E7DB-8839-4A99-B09E-465402F4EF96}.Release|x86.ActiveCfg = Release|Any CPU
		{3836E7DB-8839-4A99-B09E-465402F4EF96}.Release|x86.Build.0 = Release|Any CPU
		{3960796C-4AE0-4CB1-895C-00066E0A615D}.Debug|Any CPU.ActiveCfg = Debug|Any CPU
		{3960796C-4AE0-4CB1-895C-00066E0A615D}.Debug|Any CPU.Build.0 = Debug|Any CPU
		{3960796C-4AE0-4CB1-895C-00066E0A615D}.Debug|x64.ActiveCfg = Debug|Any CPU
		{3960796C-4AE0-4CB1-895C-00066E0A615D}.Debug|x64.Build.0 = Debug|Any CPU
		{3960796C-4AE0-4CB1-895C-00066E0A615D}.Debug|x86.ActiveCfg = Debug|Any CPU
		{3960796C-4AE0-4CB1-895C-00066E0A615D}.Debug|x86.Build.0 = Debug|Any CPU
		{3960796C-4AE0-4CB1-895C-00066E0A615D}.Release|Any CPU.ActiveCfg = Release|Any CPU
		{3960796C-4AE0-4CB1-895C-00066E0A615D}.Release|Any CPU.Build.0 = Release|Any CPU
		{3960796C-4AE0-4CB1-895C-00066E0A615D}.Release|x64.ActiveCfg = Release|Any CPU
		{3960796C-4AE0-4CB1-895C-00066E0A615D}.Release|x64.Build.0 = Release|Any CPU
		{3960796C-4AE0-4CB1-895C-00066E0A615D}.Release|x86.ActiveCfg = Release|Any CPU
		{3960796C-4AE0-4CB1-895C-00066E0A615D}.Release|x86.Build.0 = Release|Any CPU
		{C6F7CB92-52C5-4435-BC20-72EF780269D6}.Debug|Any CPU.ActiveCfg = Debug|Any CPU
		{C6F7CB92-52C5-4435-BC20-72EF780269D6}.Debug|Any CPU.Build.0 = Debug|Any CPU
		{C6F7CB92-52C5-4435-BC20-72EF780269D6}.Debug|x64.ActiveCfg = Debug|Any CPU
		{C6F7CB92-52C5-4435-BC20-72EF780269D6}.Debug|x64.Build.0 = Debug|Any CPU
		{C6F7CB92-52C5-4435-BC20-72EF780269D6}.Debug|x86.ActiveCfg = Debug|Any CPU
		{C6F7CB92-52C5-4435-BC20-72EF780269D6}.Debug|x86.Build.0 = Debug|Any CPU
		{C6F7CB92-52C5-4435-BC20-72EF780269D6}.Release|Any CPU.ActiveCfg = Release|Any CPU
		{C6F7CB92-52C5-4435-BC20-72EF780269D6}.Release|Any CPU.Build.0 = Release|Any CPU
		{C6F7CB92-52C5-4435-BC20-72EF780269D6}.Release|x64.ActiveCfg = Release|Any CPU
		{C6F7CB92-52C5-4435-BC20-72EF780269D6}.Release|x64.Build.0 = Release|Any CPU
		{C6F7CB92-52C5-4435-BC20-72EF780269D6}.Release|x86.ActiveCfg = Release|Any CPU
		{C6F7CB92-52C5-4435-BC20-72EF780269D6}.Release|x86.Build.0 = Release|Any CPU
		{F36BA8EB-4D50-45BC-A5D9-E807EAA0D4BB}.Debug|Any CPU.ActiveCfg = Debug|Any CPU
		{F36BA8EB-4D50-45BC-A5D9-E807EAA0D4BB}.Debug|Any CPU.Build.0 = Debug|Any CPU
		{F36BA8EB-4D50-45BC-A5D9-E807EAA0D4BB}.Debug|x64.ActiveCfg = Debug|Any CPU
		{F36BA8EB-4D50-45BC-A5D9-E807EAA0D4BB}.Debug|x64.Build.0 = Debug|Any CPU
		{F36BA8EB-4D50-45BC-A5D9-E807EAA0D4BB}.Debug|x86.ActiveCfg = Debug|Any CPU
		{F36BA8EB-4D50-45BC-A5D9-E807EAA0D4BB}.Debug|x86.Build.0 = Debug|Any CPU
		{F36BA8EB-4D50-45BC-A5D9-E807EAA0D4BB}.Release|Any CPU.ActiveCfg = Release|Any CPU
		{F36BA8EB-4D50-45BC-A5D9-E807EAA0D4BB}.Release|Any CPU.Build.0 = Release|Any CPU
		{F36BA8EB-4D50-45BC-A5D9-E807EAA0D4BB}.Release|x64.ActiveCfg = Release|Any CPU
		{F36BA8EB-4D50-45BC-A5D9-E807EAA0D4BB}.Release|x64.Build.0 = Release|Any CPU
		{F36BA8EB-4D50-45BC-A5D9-E807EAA0D4BB}.Release|x86.ActiveCfg = Release|Any CPU
		{F36BA8EB-4D50-45BC-A5D9-E807EAA0D4BB}.Release|x86.Build.0 = Release|Any CPU
		{FE7B53F6-4CC5-4134-8FDC-E824E81AC42B}.Debug|Any CPU.ActiveCfg = Debug|Any CPU
		{FE7B53F6-4CC5-4134-8FDC-E824E81AC42B}.Debug|Any CPU.Build.0 = Debug|Any CPU
		{FE7B53F6-4CC5-4134-8FDC-E824E81AC42B}.Debug|x64.ActiveCfg = Debug|Any CPU
		{FE7B53F6-4CC5-4134-8FDC-E824E81AC42B}.Debug|x64.Build.0 = Debug|Any CPU
		{FE7B53F6-4CC5-4134-8FDC-E824E81AC42B}.Debug|x86.ActiveCfg = Debug|Any CPU
		{FE7B53F6-4CC5-4134-8FDC-E824E81AC42B}.Debug|x86.Build.0 = Debug|Any CPU
		{FE7B53F6-4CC5-4134-8FDC-E824E81AC42B}.Release|Any CPU.ActiveCfg = Release|Any CPU
		{FE7B53F6-4CC5-4134-8FDC-E824E81AC42B}.Release|Any CPU.Build.0 = Release|Any CPU
		{FE7B53F6-4CC5-4134-8FDC-E824E81AC42B}.Release|x64.ActiveCfg = Release|Any CPU
		{FE7B53F6-4CC5-4134-8FDC-E824E81AC42B}.Release|x64.Build.0 = Release|Any CPU
		{FE7B53F6-4CC5-4134-8FDC-E824E81AC42B}.Release|x86.ActiveCfg = Release|Any CPU
		{FE7B53F6-4CC5-4134-8FDC-E824E81AC42B}.Release|x86.Build.0 = Release|Any CPU
		{A057EBD2-D45F-4FA9-8C77-D9269ABE4D4D}.Debug|Any CPU.ActiveCfg = Debug|Any CPU
		{A057EBD2-D45F-4FA9-8C77-D9269ABE4D4D}.Debug|Any CPU.Build.0 = Debug|Any CPU
		{A057EBD2-D45F-4FA9-8C77-D9269ABE4D4D}.Debug|x64.ActiveCfg = Debug|Any CPU
		{A057EBD2-D45F-4FA9-8C77-D9269ABE4D4D}.Debug|x64.Build.0 = Debug|Any CPU
		{A057EBD2-D45F-4FA9-8C77-D9269ABE4D4D}.Debug|x86.ActiveCfg = Debug|Any CPU
		{A057EBD2-D45F-4FA9-8C77-D9269ABE4D4D}.Debug|x86.Build.0 = Debug|Any CPU
		{A057EBD2-D45F-4FA9-8C77-D9269ABE4D4D}.Release|Any CPU.ActiveCfg = Release|Any CPU
		{A057EBD2-D45F-4FA9-8C77-D9269ABE4D4D}.Release|Any CPU.Build.0 = Release|Any CPU
		{A057EBD2-D45F-4FA9-8C77-D9269ABE4D4D}.Release|x64.ActiveCfg = Release|Any CPU
		{A057EBD2-D45F-4FA9-8C77-D9269ABE4D4D}.Release|x64.Build.0 = Release|Any CPU
		{A057EBD2-D45F-4FA9-8C77-D9269ABE4D4D}.Release|x86.ActiveCfg = Release|Any CPU
		{A057EBD2-D45F-4FA9-8C77-D9269ABE4D4D}.Release|x86.Build.0 = Release|Any CPU
		{DAB1BE61-D8B4-48A7-90EF-9327E36E61C9}.Debug|Any CPU.ActiveCfg = Debug|Any CPU
		{DAB1BE61-D8B4-48A7-90EF-9327E36E61C9}.Debug|Any CPU.Build.0 = Debug|Any CPU
		{DAB1BE61-D8B4-48A7-90EF-9327E36E61C9}.Debug|x64.ActiveCfg = Debug|Any CPU
		{DAB1BE61-D8B4-48A7-90EF-9327E36E61C9}.Debug|x64.Build.0 = Debug|Any CPU
		{DAB1BE61-D8B4-48A7-90EF-9327E36E61C9}.Debug|x86.ActiveCfg = Debug|Any CPU
		{DAB1BE61-D8B4-48A7-90EF-9327E36E61C9}.Debug|x86.Build.0 = Debug|Any CPU
		{DAB1BE61-D8B4-48A7-90EF-9327E36E61C9}.Release|Any CPU.ActiveCfg = Release|Any CPU
		{DAB1BE61-D8B4-48A7-90EF-9327E36E61C9}.Release|Any CPU.Build.0 = Release|Any CPU
		{DAB1BE61-D8B4-48A7-90EF-9327E36E61C9}.Release|x64.ActiveCfg = Release|Any CPU
		{DAB1BE61-D8B4-48A7-90EF-9327E36E61C9}.Release|x64.Build.0 = Release|Any CPU
		{DAB1BE61-D8B4-48A7-90EF-9327E36E61C9}.Release|x86.ActiveCfg = Release|Any CPU
		{DAB1BE61-D8B4-48A7-90EF-9327E36E61C9}.Release|x86.Build.0 = Release|Any CPU
	EndGlobalSection
	GlobalSection(SolutionProperties) = preSolution
		HideSolutionNode = FALSE
	EndGlobalSection
	GlobalSection(NestedProjects) = preSolution
		{DF232C74-F561-47B6-BD20-2DA140DC4AF8} = {76404325-7D3D-42A4-9F87-9E0F90897D3B}
		{54B55EDD-7676-420A-9E5F-E23A00BD7B67} = {DF232C74-F561-47B6-BD20-2DA140DC4AF8}
		{99011538-43E4-4650-9F52-BB889C6A7997} = {76404325-7D3D-42A4-9F87-9E0F90897D3B}
		{8128B64F-CF76-46CE-B9BE-82BAB7E6B995} = {99011538-43E4-4650-9F52-BB889C6A7997}
		{5434B68C-550E-59D8-E329-3A8E757B58EE} = {76404325-7D3D-42A4-9F87-9E0F90897D3B}
		{686078CC-8739-4D1C-9978-B9B6999AD6BE} = {5434B68C-550E-59D8-E329-3A8E757B58EE}
		{C60EDEDD-316D-B05B-EC9C-3F5B50E0DA68} = {76404325-7D3D-42A4-9F87-9E0F90897D3B}
		{40C81D18-ED6F-092D-7ABF-59C0E2A46067} = {C60EDEDD-316D-B05B-EC9C-3F5B50E0DA68}
		{0040611C-1E8C-45B2-94F9-3B24A490899D} = {40C81D18-ED6F-092D-7ABF-59C0E2A46067}
		{25505A9A-42DF-4154-A22B-46556A1E9B8A} = {40C81D18-ED6F-092D-7ABF-59C0E2A46067}
		{9E7FF0FC-6255-9EB7-3216-7D87E4F8A3DF} = {C60EDEDD-316D-B05B-EC9C-3F5B50E0DA68}
		{58B9E41E-50E1-4A0F-BDAD-A17C1C7AF2C2} = {9E7FF0FC-6255-9EB7-3216-7D87E4F8A3DF}
		{D836094F-5C35-4BBC-AE03-9B79EEA6705D} = {9E7FF0FC-6255-9EB7-3216-7D87E4F8A3DF}
		{E0D76EB2-711A-C054-025A-46F5586CFF3E} = {C60EDEDD-316D-B05B-EC9C-3F5B50E0DA68}
		{BE1B4CE3-7007-43E5-AEC2-0BF2E7E12B1C} = {E0D76EB2-711A-C054-025A-46F5586CFF3E}
		{C6872FCE-55A4-4F0E-9684-6BA875569715} = {E0D76EB2-711A-C054-025A-46F5586CFF3E}
		{A65EDF41-881A-49DB-C405-89A3CECBD60F} = {C60EDEDD-316D-B05B-EC9C-3F5B50E0DA68}
		{3836E7DB-8839-4A99-B09E-465402F4EF96} = {A65EDF41-881A-49DB-C405-89A3CECBD60F}
		{3960796C-4AE0-4CB1-895C-00066E0A615D} = {A65EDF41-881A-49DB-C405-89A3CECBD60F}
		{D4AB8B70-CAD0-9B0D-1478-14FC8ED66B87} = {C60EDEDD-316D-B05B-EC9C-3F5B50E0DA68}
		{C6F7CB92-52C5-4435-BC20-72EF780269D6} = {D4AB8B70-CAD0-9B0D-1478-14FC8ED66B87}
		{F36BA8EB-4D50-45BC-A5D9-E807EAA0D4BB} = {D4AB8B70-CAD0-9B0D-1478-14FC8ED66B87}
		{A5C0DF85-C1E1-9B9A-0AAF-A64D8132EE9D} = {C60EDEDD-316D-B05B-EC9C-3F5B50E0DA68}
		{FE7B53F6-4CC5-4134-8FDC-E824E81AC42B} = {A5C0DF85-C1E1-9B9A-0AAF-A64D8132EE9D}
		{A057EBD2-D45F-4FA9-8C77-D9269ABE4D4D} = {A5C0DF85-C1E1-9B9A-0AAF-A64D8132EE9D}
		{301FAC3C-0F00-1837-5FA4-DBDA17379ABC} = {76404325-7D3D-42A4-9F87-9E0F90897D3B}
		{DAB1BE61-D8B4-48A7-90EF-9327E36E61C9} = {301FAC3C-0F00-1837-5FA4-DBDA17379ABC}
	EndGlobalSection
EndGlobal
